
Microsoft Visual Studio Solution File, Format Version 12.00
# Visual Studio Version 16
VisualStudioVersion = 16.0.31129.286
MinimumVisualStudioVersion = 10.0.40219.1
Project("{FAE04EC0-301F-11D3-BF4B-00C04F79EFBC}") = "KomsertaPC OS's", "KomsertaPC OS's\KomsertaPC OS's.csproj", "{54BFD7DE-CD12-42E2-AC7B-6520E9DB7521}"
EndProject
Global
	GlobalSection(SolutionConfigurationPlatforms) = preSolution
		Debug|Any CPU = Debug|Any CPU
		Release|Any CPU = Release|Any CPU
	EndGlobalSection
	GlobalSection(ProjectConfigurationPlatforms) = postSolution
		{54BFD7DE-CD12-42E2-AC7B-6520E9DB7521}.Debug|Any CPU.ActiveCfg = Debug|Any CPU
		{54BFD7DE-CD12-42E2-AC7B-6520E9DB7521}.Debug|Any CPU.Build.0 = Debug|Any CPU
		{54BFD7DE-CD12-42E2-AC7B-6520E9DB7521}.Release|Any CPU.ActiveCfg = Release|Any CPU
		{54BFD7DE-CD12-42E2-AC7B-6520E9DB7521}.Release|Any CPU.Build.0 = Release|Any CPU
	EndGlobalSection
	GlobalSection(SolutionProperties) = preSolution
		HideSolutionNode = FALSE
	EndGlobalSection
	GlobalSection(ExtensibilityGlobals) = postSolution
		SolutionGuid = {C7FE2C6B-1BAC-49D1-980F-3561F2CEF229}
	EndGlobalSection
EndGlobal
